
Microsoft Visual Studio Solution File, Format Version 12.00
# Visual Studio Version 17
VisualStudioVersion = 17.2.32505.173
MinimumVisualStudioVersion = 10.0.40219.1
Project("{FAE04EC0-301F-11D3-BF4B-00C04F79EFBC}") = "MacropadApplicationDetector", "MacropadApplicationDetector.csproj", "{AFB3754C-7DDD-4E04-A247-7DFCC4C9ACEE}"
EndProject
Global
	GlobalSection(SolutionConfigurationPlatforms) = preSolution
		Debug|Any CPU = Debug|Any CPU
		Release|Any CPU = Release|Any CPU
	EndGlobalSection
	GlobalSection(ProjectConfigurationPlatforms) = postSolution
		{AFB3754C-7DDD-4E04-A247-7DFCC4C9ACEE}.Debug|Any CPU.ActiveCfg = Debug|Any CPU
		{AFB3754C-7DDD-4E04-A247-7DFCC4C9ACEE}.Debug|Any CPU.Build.0 = Debug|Any CPU
		{AFB3754C-7DDD-4E04-A247-7DFCC4C9ACEE}.Release|Any CPU.ActiveCfg = Release|Any CPU
		{AFB3754C-7DDD-4E04-A247-7DFCC4C9ACEE}.Release|Any CPU.Build.0 = Release|Any CPU
	EndGlobalSection
	GlobalSection(SolutionProperties) = preSolution
		HideSolutionNode = FALSE
	EndGlobalSection
	GlobalSection(ExtensibilityGlobals) = postSolution
		SolutionGuid = {ED36E902-CACA-4DFE-BAAF-DA22364736A0}
	EndGlobalSection
EndGlobal
